// !$*UTF8*$!
{
	archiveVersion = 1;
	classes = {
	};
	objectVersion = 46;
	objects = {

/* Begin PBXBuildFile section */
		64945FDB1B75566E0034A40E /* AppDelegate.swift in Sources */ = {isa = PBXBuildFile; fileRef = 64945FDA1B75566E0034A40E /* AppDelegate.swift */; };
		64945FDD1B75566E0034A40E /* ViewController.swift in Sources */ = {isa = PBXBuildFile; fileRef = 64945FDC1B75566E0034A40E /* ViewController.swift */; };
		64945FE01B75566E0034A40E /* Main.storyboard in Resources */ = {isa = PBXBuildFile; fileRef = 64945FDE1B75566E0034A40E /* Main.storyboard */; };
		64945FE21B75566E0034A40E /* Images.xcassets in Resources */ = {isa = PBXBuildFile; fileRef = 64945FE11B75566E0034A40E /* Images.xcassets */; };
		64945FE51B75566E0034A40E /* LaunchScreen.xib in Resources */ = {isa = PBXBuildFile; fileRef = 64945FE31B75566E0034A40E /* LaunchScreen.xib */; };
		64945FF11B75566E0034A40E /* ImmediateLanguageSwitchSwiftTests.swift in Sources */ = {isa = PBXBuildFile; fileRef = 64945FF01B75566E0034A40E /* ImmediateLanguageSwitchSwiftTests.swift */; };
		64945FFB1B7556880034A40E /* BaseViewController.swift in Sources */ = {isa = PBXBuildFile; fileRef = 64945FFA1B7556880034A40E /* BaseViewController.swift */; };
		64945FFF1B755A8A0034A40E /* NSBundle+Language.m in Sources */ = {isa = PBXBuildFile; fileRef = 64945FFE1B755A8A0034A40E /* NSBundle+Language.m */; };
		649460051B755CC50034A40E /* es.lproj in Resources */ = {isa = PBXBuildFile; fileRef = 649460041B755CC40034A40E /* es.lproj */; };
/* End PBXBuildFile section */

/* Begin PBXContainerItemProxy section */
		64945FEB1B75566E0034A40E /* PBXContainerItemProxy */ = {
			isa = PBXContainerItemProxy;
			containerPortal = 64945FCD1B75566E0034A40E /* Project object */;
			proxyType = 1;
			remoteGlobalIDString = 64945FD41B75566E0034A40E;
			remoteInfo = ImmediateLanguageSwitchSwift;
		};
/* End PBXContainerItemProxy section */

/* Begin PBXFileReference section */
		64945FD51B75566E0034A40E /* ImmediateLanguageSwitchSwift.app */ = {isa = PBXFileReference; explicitFileType = wrapper.application; includeInIndex = 0; path = ImmediateLanguageSwitchSwift.app; sourceTree = BUILT_PRODUCTS_DIR; };
		64945FD91B75566E0034A40E /* Info.plist */ = {isa = PBXFileReference; lastKnownFileType = text.plist.xml; path = Info.plist; sourceTree = "<group>"; };
		64945FDA1B75566E0034A40E /* AppDelegate.swift */ = {isa = PBXFileReference; lastKnownFileType = sourcecode.swift; path = AppDelegate.swift; sourceTree = "<group>"; };
		64945FDC1B75566E0034A40E /* ViewController.swift */ = {isa = PBXFileReference; lastKnownFileType = sourcecode.swift; path = ViewController.swift; sourceTree = "<group>"; };
		64945FDF1B75566E0034A40E /* Base */ = {isa = PBXFileReference; lastKnownFileType = file.storyboard; name = Base; path = Base.lproj/Main.storyboard; sourceTree = "<group>"; };
		64945FE11B75566E0034A40E /* Images.xcassets */ = {isa = PBXFileReference; lastKnownFileType = folder.assetcatalog; path = Images.xcassets; sourceTree = "<group>"; };
		64945FE41B75566E0034A40E /* Base */ = {isa = PBXFileReference; lastKnownFileType = file.xib; name = Base; path = Base.lproj/LaunchScreen.xib; sourceTree = "<group>"; };
		64945FEA1B75566E0034A40E /* ImmediateLanguageSwitchSwiftTests.xctest */ = {isa = PBXFileReference; explicitFileType = wrapper.cfbundle; includeInIndex = 0; path = ImmediateLanguageSwitchSwiftTests.xctest; sourceTree = BUILT_PRODUCTS_DIR; };
		64945FEF1B75566E0034A40E /* Info.plist */ = {isa = PBXFileReference; lastKnownFileType = text.plist.xml; path = Info.plist; sourceTree = "<group>"; };
		64945FF01B75566E0034A40E /* ImmediateLanguageSwitchSwiftTests.swift */ = {isa = PBXFileReference; lastKnownFileType = sourcecode.swift; path = ImmediateLanguageSwitchSwiftTests.swift; sourceTree = "<group>"; };
		64945FFA1B7556880034A40E /* BaseViewController.swift */ = {isa = PBXFileReference; fileEncoding = 4; lastKnownFileType = sourcecode.swift; path = BaseViewController.swift; sourceTree = "<group>"; };
		64945FFC1B755A890034A40E /* ImmediateLanguageSwitchSwift-Bridging-Header.h */ = {isa = PBXFileReference; lastKnownFileType = sourcecode.c.h; path = "ImmediateLanguageSwitchSwift-Bridging-Header.h"; sourceTree = "<group>"; };
		64945FFD1B755A8A0034A40E /* NSBundle+Language.h */ = {isa = PBXFileReference; fileEncoding = 4; lastKnownFileType = sourcecode.c.h; path = "NSBundle+Language.h"; sourceTree = "<group>"; };
		64945FFE1B755A8A0034A40E /* NSBundle+Language.m */ = {isa = PBXFileReference; fileEncoding = 4; lastKnownFileType = sourcecode.c.objc; path = "NSBundle+Language.m"; sourceTree = "<group>"; };
		649460021B755C930034A40E /* es */ = {isa = PBXFileReference; lastKnownFileType = text.plist.strings; name = es; path = es.lproj/Main.strings; sourceTree = "<group>"; };
		649460031B755C930034A40E /* es */ = {isa = PBXFileReference; lastKnownFileType = text.plist.strings; name = es; path = es.lproj/LaunchScreen.strings; sourceTree = "<group>"; };
		649460041B755CC40034A40E /* es.lproj */ = {isa = PBXFileReference; lastKnownFileType = folder; name = es.lproj; path = ImmediateLanguageSwitchSwift/es.lproj; sourceTree = "<group>"; };
/* End PBXFileReference section */

/* Begin PBXFrameworksBuildPhase section */
		64945FD21B75566E0034A40E /* Frameworks */ = {
			isa = PBXFrameworksBuildPhase;
			buildActionMask = 2147483647;
			files = (
			);
			runOnlyForDeploymentPostprocessing = 0;
		};
		64945FE71B75566E0034A40E /* Frameworks */ = {
			isa = PBXFrameworksBuildPhase;
			buildActionMask = 2147483647;
			files = (
			);
			runOnlyForDeploymentPostprocessing = 0;
		};
/* End PBXFrameworksBuildPhase section */

/* Begin PBXGroup section */
		64945FCC1B75566E0034A40E = {
			isa = PBXGroup;
			children = (
				649460041B755CC40034A40E /* es.lproj */,
				64945FD71B75566E0034A40E /* ImmediateLanguageSwitchSwift */,
				64945FED1B75566E0034A40E /* ImmediateLanguageSwitchSwiftTests */,
				64945FD61B75566E0034A40E /* Products */,
			);
			sourceTree = "<group>";
		};
		64945FD61B75566E0034A40E /* Products */ = {
			isa = PBXGroup;
			children = (
				64945FD51B75566E0034A40E /* ImmediateLanguageSwitchSwift.app */,
				64945FEA1B75566E0034A40E /* ImmediateLanguageSwitchSwiftTests.xctest */,
			);
			name = Products;
			sourceTree = "<group>";
		};
		64945FD71B75566E0034A40E /* ImmediateLanguageSwitchSwift */ = {
			isa = PBXGroup;
			children = (
				64945FDA1B75566E0034A40E /* AppDelegate.swift */,
				64945FDC1B75566E0034A40E /* ViewController.swift */,
				64945FDE1B75566E0034A40E /* Main.storyboard */,
				64945FFD1B755A8A0034A40E /* NSBundle+Language.h */,
				64945FFE1B755A8A0034A40E /* NSBundle+Language.m */,
				64945FE11B75566E0034A40E /* Images.xcassets */,
				64945FE31B75566E0034A40E /* LaunchScreen.xib */,
				64945FD81B75566E0034A40E /* Supporting Files */,
				64945FFA1B7556880034A40E /* BaseViewController.swift */,
				64945FFC1B755A890034A40E /* ImmediateLanguageSwitchSwift-Bridging-Header.h */,
			);
			path = ImmediateLanguageSwitchSwift;
			sourceTree = "<group>";
		};
		64945FD81B75566E0034A40E /* Supporting Files */ = {
			isa = PBXGroup;
			children = (
				64945FD91B75566E0034A40E /* Info.plist */,
			);
			name = "Supporting Files";
			sourceTree = "<group>";
		};
		64945FED1B75566E0034A40E /* ImmediateLanguageSwitchSwiftTests */ = {
			isa = PBXGroup;
			children = (
				64945FF01B75566E0034A40E /* ImmediateLanguageSwitchSwiftTests.swift */,
				64945FEE1B75566E0034A40E /* Supporting Files */,
			);
			path = ImmediateLanguageSwitchSwiftTests;
			sourceTree = "<group>";
		};
		64945FEE1B75566E0034A40E /* Supporting Files */ = {
			isa = PBXGroup;
			children = (
				64945FEF1B75566E0034A40E /* Info.plist */,
			);
			name = "Supporting Files";
			sourceTree = "<group>";
		};
/* End PBXGroup section */

/* Begin PBXNativeTarget section */
		64945FD41B75566E0034A40E /* ImmediateLanguageSwitchSwift */ = {
			isa = PBXNativeTarget;
			buildConfigurationList = 64945FF41B75566E0034A40E /* Build configuration list for PBXNativeTarget "ImmediateLanguageSwitchSwift" */;
			buildPhases = (
				64945FD11B75566E0034A40E /* Sources */,
				64945FD21B75566E0034A40E /* Frameworks */,
				64945FD31B75566E0034A40E /* Resources */,
			);
			buildRules = (
			);
			dependencies = (
			);
			name = ImmediateLanguageSwitchSwift;
			productName = ImmediateLanguageSwitchSwift;
			productReference = 64945FD51B75566E0034A40E /* ImmediateLanguageSwitchSwift.app */;
			productType = "com.apple.product-type.application";
		};
		64945FE91B75566E0034A40E /* ImmediateLanguageSwitchSwiftTests */ = {
			isa = PBXNativeTarget;
			buildConfigurationList = 64945FF71B75566E0034A40E /* Build configuration list for PBXNativeTarget "ImmediateLanguageSwitchSwiftTests" */;
			buildPhases = (
				64945FE61B75566E0034A40E /* Sources */,
				64945FE71B75566E0034A40E /* Frameworks */,
				64945FE81B75566E0034A40E /* Resources */,
			);
			buildRules = (
			);
			dependencies = (
				64945FEC1B75566E0034A40E /* PBXTargetDependency */,
			);
			name = ImmediateLanguageSwitchSwiftTests;
			productName = ImmediateLanguageSwitchSwiftTests;
			productReference = 64945FEA1B75566E0034A40E /* ImmediateLanguageSwitchSwiftTests.xctest */;
			productType = "com.apple.product-type.bundle.unit-test";
		};
/* End PBXNativeTarget section */

/* Begin PBXProject section */
		64945FCD1B75566E0034A40E /* Project object */ = {
			isa = PBXProject;
			attributes = {
				LastUpgradeCheck = 0640;
				TargetAttributes = {
					64945FD41B75566E0034A40E = {
						CreatedOnToolsVersion = 6.4;
					};
					64945FE91B75566E0034A40E = {
						CreatedOnToolsVersion = 6.4;
						TestTargetID = 64945FD41B75566E0034A40E;
					};
				};
			};
			buildConfigurationList = 64945FD01B75566E0034A40E /* Build configuration list for PBXProject "ImmediateLanguageSwitchSwift" */;
			compatibilityVersion = "Xcode 3.2";
			developmentRegion = English;
			hasScannedForEncodings = 0;
			knownRegions = (
				en,
				Base,
			);
			mainGroup = 64945FCC1B75566E0034A40E;
			productRefGroup = 64945FD61B75566E0034A40E /* Products */;
			projectDirPath = "";
			projectRoot = "";
			targets = (
				64945FD41B75566E0034A40E /* ImmediateLanguageSwitchSwift */,
				64945FE91B75566E0034A40E /* ImmediateLanguageSwitchSwiftTests */,
			);
		};
/* End PBXProject section */

/* Begin PBXResourcesBuildPhase section */
		64945FD31B75566E0034A40E /* Resources */ = {
			isa = PBXResourcesBuildPhase;
			buildActionMask = 2147483647;
			files = (
				64945FE01B75566E0034A40E /* Main.storyboard in Resources */,
				649460051B755CC50034A40E /* es.lproj in Resources */,
				64945FE51B75566E0034A40E /* LaunchScreen.xib in Resources */,
				64945FE21B75566E0034A40E /* Images.xcassets in Resources */,
			);
			runOnlyForDeploymentPostprocessing = 0;
		};
		64945FE81B75566E0034A40E /* Resources */ = {
			isa = PBXResourcesBuildPhase;
			buildActionMask = 2147483647;
			files = (
			);
			runOnlyForDeploymentPostprocessing = 0;
		};
/* End PBXResourcesBuildPhase section */

/* Begin PBXSourcesBuildPhase section */
		64945FD11B75566E0034A40E /* Sources */ = {
			isa = PBXSourcesBuildPhase;
			buildActionMask = 2147483647;
			files = (
				64945FFF1B755A8A0034A40E /* NSBundle+Language.m in Sources */,
				64945FDD1B75566E0034A40E /* ViewController.swift in Sources */,
				64945FDB1B75566E0034A40E /* AppDelegate.swift in Sources */,
				64945FFB1B7556880034A40E /* BaseViewController.swift in Sources */,
			);
			runOnlyForDeploymentPostprocessing = 0;
		};
		64945FE61B75566E0034A40E /* Sources */ = {
			isa = PBXSourcesBuildPhase;
			buildActionMask = 2147483647;
			files = (
				64945FF11B75566E0034A40E /* ImmediateLanguageSwitchSwiftTests.swift in Sources */,
			);
			runOnlyForDeploymentPostprocessing = 0;
		};
/* End PBXSourcesBuildPhase section */

/* Begin PBXTargetDependency section */
		64945FEC1B75566E0034A40E /* PBXTargetDependency */ = {
			isa = PBXTargetDependency;
			target = 64945FD41B75566E0034A40E /* ImmediateLanguageSwitchSwift */;
			targetProxy = 64945FEB1B75566E0034A40E /* PBXContainerItemProxy */;
		};
/* End PBXTargetDependency section */

/* Begin PBXVariantGroup section */
		64945FDE1B75566E0034A40E /* Main.storyboard */ = {
			isa = PBXVariantGroup;
			children = (
				64945FDF1B75566E0034A40E /* Base */,
				649460021B755C930034A40E /* es */,
			);
			name = Main.storyboard;
			sourceTree = "<group>";
		};
		64945FE31B75566E0034A40E /* LaunchScreen.xib */ = {
			isa = PBXVariantGroup;
			children = (
				64945FE41B75566E0034A40E /* Base */,
				649460031B755C930034A40E /* es */,
			);
			name = LaunchScreen.xib;
			sourceTree = "<group>";
		};
/* End PBXVariantGroup section */

/* Begin XCBuildConfiguration section */
		64945FF21B75566E0034A40E /* Debug */ = {
			isa = XCBuildConfiguration;
			buildSettings = {
				ALWAYS_SEARCH_USER_PATHS = NO;
				CLANG_CXX_LANGUAGE_STANDARD = "gnu++0x";
				CLANG_CXX_LIBRARY = "libc++";
				CLANG_ENABLE_MODULES = YES;
				CLANG_ENABLE_OBJC_ARC = YES;
				CLANG_WARN_BOOL_CONVERSION = YES;
				CLANG_WARN_CONSTANT_CONVERSION = YES;
				CLANG_WARN_DIRECT_OBJC_ISA_USAGE = YES_ERROR;
				CLANG_WARN_EMPTY_BODY = YES;
				CLANG_WARN_ENUM_CONVERSION = YES;
				CLANG_WARN_INT_CONVERSION = YES;
				CLANG_WARN_OBJC_ROOT_CLASS = YES_ERROR;
				CLANG_WARN_UNREACHABLE_CODE = YES;
				CLANG_WARN__DUPLICATE_METHOD_MATCH = YES;
				"CODE_SIGN_IDENTITY[sdk=iphoneos*]" = "iPhone Developer";
				COPY_PHASE_STRIP = NO;
				DEBUG_INFORMATION_FORMAT = "dwarf-with-dsym";
				ENABLE_STRICT_OBJC_MSGSEND = YES;
				GCC_C_LANGUAGE_STANDARD = gnu99;
				GCC_DYNAMIC_NO_PIC = NO;
				GCC_NO_COMMON_BLOCKS = YES;
				GCC_OPTIMIZATION_LEVEL = 0;
				GCC_PREPROCESSOR_DEFINITIONS = (
					"DEBUG=1",
					"$(inherited)",
				);
				GCC_SYMBOLS_PRIVATE_EXTERN = NO;
				GCC_WARN_64_TO_32_BIT_CONVERSION = YES;
				GCC_WARN_ABOUT_RETURN_TYPE = YES_ERROR;
				GCC_WARN_UNDECLARED_SELECTOR = YES;
				GCC_WARN_UNINITIALIZED_AUTOS = YES_AGGRESSIVE;
				GCC_WARN_UNUSED_FUNCTION = YES;
				GCC_WARN_UNUSED_VARIABLE = YES;
				IPHONEOS_DEPLOYMENT_TARGET = 8.4;
				MTL_ENABLE_DEBUG_INFO = YES;
				ONLY_ACTIVE_ARCH = YES;
				SDKROOT = iphoneos;
				SWIFT_OPTIMIZATION_LEVEL = "-Onone";
				TARGETED_DEVICE_FAMILY = "1,2";
			};
			name = Debug;
		};
		64945FF31B75566E0034A40E /* Release */ = {
			isa = XCBuildConfiguration;
			buildSettings = {
				ALWAYS_SEARCH_USER_PATHS = NO;
				CLANG_CXX_LANGUAGE_STANDARD = "gnu++0x";
				CLANG_CXX_LIBRARY = "libc++";
				CLANG_ENABLE_MODULES = YES;
				CLANG_ENABLE_OBJC_ARC = YES;
				CLANG_WARN_BOOL_CONVERSION = YES;
				CLANG_WARN_CONSTANT_CONVERSION = YES;
				CLANG_WARN_DIRECT_OBJC_ISA_USAGE = YES_ERROR;
				CLANG_WARN_EMPTY_BODY = YES;
				CLANG_WARN_ENUM_CONVERSION = YES;
				CLANG_WARN_INT_CONVERSION = YES;
				CLANG_WARN_OBJC_ROOT_CLASS = YES_ERROR;
				CLANG_WARN_UNREACHABLE_CODE = YES;
				CLANG_WARN__DUPLICATE_METHOD_MATCH = YES;
				"CODE_SIGN_IDENTITY[sdk=iphoneos*]" = "iPhone Developer";
				COPY_PHASE_STRIP = NO;
				DEBUG_INFORMATION_FORMAT = "dwarf-with-dsym";
				ENABLE_NS_ASSERTIONS = NO;
				ENABLE_STRICT_OBJC_MSGSEND = YES;
				GCC_C_LANGUAGE_STANDARD = gnu99;
				GCC_NO_COMMON_BLOCKS = YES;
				GCC_WARN_64_TO_32_BIT_CONVERSION = YES;
				GCC_WARN_ABOUT_RETURN_TYPE = YES_ERROR;
				GCC_WARN_UNDECLARED_SELECTOR = YES;
				GCC_WARN_UNINITIALIZED_AUTOS = YES_AGGRESSIVE;
				GCC_WARN_UNUSED_FUNCTION = YES;
				GCC_WARN_UNUSED_VARIABLE = YES;
				IPHONEOS_DEPLOYMENT_TARGET = 8.4;
				MTL_ENABLE_DEBUG_INFO = NO;
				SDKROOT = iphoneos;
				TARGETED_DEVICE_FAMILY = "1,2";
				VALIDATE_PRODUCT = YES;
			};
			name = Release;
		};
		64945FF51B75566E0034A40E /* Debug */ = {
			isa = XCBuildConfiguration;
			buildSettings = {
				ASSETCATALOG_COMPILER_APPICON_NAME = AppIcon;
				CLANG_ENABLE_MODULES = YES;
				INFOPLIST_FILE = ImmediateLanguageSwitchSwift/Info.plist;
				LD_RUNPATH_SEARCH_PATHS = "$(inherited) @executable_path/Frameworks";
				PRODUCT_NAME = "$(TARGET_NAME)";
				SWIFT_OBJC_BRIDGING_HEADER = "ImmediateLanguageSwitchSwift/ImmediateLanguageSwitchSwift-Bridging-Header.h";
				SWIFT_OPTIMIZATION_LEVEL = "-Onone";
			};
			name = Debug;
		};
		64945FF61B75566E0034A40E /* Release */ = {
			isa = XCBuildConfiguration;
			buildSettings = {
				ASSETCATALOG_COMPILER_APPICON_NAME = AppIcon;
				CLANG_ENABLE_MODULES = YES;
				INFOPLIST_FILE = ImmediateLanguageSwitchSwift/Info.plist;
				LD_RUNPATH_SEARCH_PATHS = "$(inherited) @executable_path/Frameworks";
				PRODUCT_NAME = "$(TARGET_NAME)";
				SWIFT_OBJC_BRIDGING_HEADER = "ImmediateLanguageSwitchSwift/ImmediateLanguageSwitchSwift-Bridging-Header.h";
			};
			name = Release;
		};
		64945FF81B75566E0034A40E /* Debug */ = {
			isa = XCBuildConfiguration;
			buildSettings = {
				BUNDLE_LOADER = "$(TEST_HOST)";
				FRAMEWORK_SEARCH_PATHS = (
					"$(SDKROOT)/Developer/Library/Frameworks",
					"$(inherited)",
				);
				GCC_PREPROCESSOR_DEFINITIONS = (
					"DEBUG=1",
					"$(inherited)",
				);
				INFOPLIST_FILE = ImmediateLanguageSwitchSwiftTests/Info.plist;
				LD_RUNPATH_SEARCH_PATHS = "$(inherited) @executable_path/Frameworks @loader_path/Frameworks";
				PRODUCT_NAME = "$(TARGET_NAME)";
				TEST_HOST = "$(BUILT_PRODUCTS_DIR)/ImmediateLanguageSwitchSwift.app/ImmediateLanguageSwitchSwift";
			};
			name = Debug;
		};
		64945FF91B75566E0034A40E /* Release */ = {
			isa = XCBuildConfiguration;
			buildSettings = {
				BUNDLE_LOADER = "$(TEST_HOST)";
				FRAMEWORK_SEARCH_PATHS = (
					"$(SDKROOT)/Developer/Library/Frameworks",
					"$(inherited)",
				);
				INFOPLIST_FILE = ImmediateLanguageSwitchSwiftTests/Info.plist;
				LD_RUNPATH_SEARCH_PATHS = "$(inherited) @executable_path/Frameworks @loader_path/Frameworks";
				PRODUCT_NAME = "$(TARGET_NAME)";
				TEST_HOST = "$(BUILT_PRODUCTS_DIR)/ImmediateLanguageSwitchSwift.app/ImmediateLanguageSwitchSwift";
			};
			name = Release;
		};
/* End XCBuildConfiguration section */

/* Begin XCConfigurationList section */
		64945FD01B75566E0034A40E /* Build configuration list for PBXProject "ImmediateLanguageSwitchSwift" */ = {
			isa = XCConfigurationList;
			buildConfigurations = (
				64945FF21B75566E0034A40E /* Debug */,
				64945FF31B75566E0034A40E /* Release */,
			);
			defaultConfigurationIsVisible = 0;
			defaultConfigurationName = Release;
		};
		64945FF41B75566E0034A40E /* Build configuration list for PBXNativeTarget "ImmediateLanguageSwitchSwift" */ = {
			isa = XCConfigurationList;
			buildConfigurations = (
				64945FF51B75566E0034A40E /* Debug */,
				64945FF61B75566E0034A40E /* Release */,
			);
			defaultConfigurationIsVisible = 0;
		};
		64945FF71B75566E0034A40E /* Build configuration list for PBXNativeTarget "ImmediateLanguageSwitchSwiftTests" */ = {
			isa = XCConfigurationList;
			buildConfigurations = (
				64945FF81B75566E0034A40E /* Debug */,
				64945FF91B75566E0034A40E /* Release */,
			);
			defaultConfigurationIsVisible = 0;
		};
/* End XCConfigurationList section */
	};
	rootObject = 64945FCD1B75566E0034A40E /* Project object */;
}
